
Microsoft Visual Studio Solution File, Format Version 12.00
# Visual Studio Version 16
VisualStudioVersion = 16.0.29806.167
MinimumVisualStudioVersion = 10.0.40219.1
Project("{00D1A9C2-B5F0-4AF3-8072-F6C62B433612}") = "MovieDbProject", "MovieDbProject\MovieDbProject.sqlproj", "{4FC0256F-360F-4B14-A6C9-70F9AD302951}"
EndProject
Global
	GlobalSection(SolutionConfigurationPlatforms) = preSolution
		Debug|Any CPU = Debug|Any CPU
		Release|Any CPU = Release|Any CPU
	EndGlobalSection
	GlobalSection(ProjectConfigurationPlatforms) = postSolution
		{4FC0256F-360F-4B14-A6C9-70F9AD302951}.Debug|Any CPU.ActiveCfg = Debug|Any CPU
		{4FC0256F-360F-4B14-A6C9-70F9AD302951}.Debug|Any CPU.Build.0 = Debug|Any CPU
		{4FC0256F-360F-4B14-A6C9-70F9AD302951}.Debug|Any CPU.Deploy.0 = Debug|Any CPU
		{4FC0256F-360F-4B14-A6C9-70F9AD302951}.Release|Any CPU.ActiveCfg = Release|Any CPU
		{4FC0256F-360F-4B14-A6C9-70F9AD302951}.Release|Any CPU.Build.0 = Release|Any CPU
		{4FC0256F-360F-4B14-A6C9-70F9AD302951}.Release|Any CPU.Deploy.0 = Release|Any CPU
	EndGlobalSection
	GlobalSection(SolutionProperties) = preSolution
		HideSolutionNode = FALSE
	EndGlobalSection
	GlobalSection(ExtensibilityGlobals) = postSolution
		SolutionGuid = {CD897907-32E9-461F-B5F4-F473CCB38322}
	EndGlobalSection
EndGlobal
